// !$*UTF8*$!
{
	archiveVersion = 1;
	classes = {
	};
	objectVersion = 56;
	objects = {

/* Begin PBXBuildFile section */
		554CD8DD2C16E20700BD4165 /* AppDelegate.swift in Sources */ = {isa = PBXBuildFile; fileRef = 554CD8DC2C16E20700BD4165 /* AppDelegate.swift */; };
		554CD8DF2C16E20700BD4165 /* SceneDelegate.swift in Sources */ = {isa = PBXBuildFile; fileRef = 554CD8DE2C16E20700BD4165 /* SceneDelegate.swift */; };
		554CD8E12C16E20700BD4165 /* MainViewController.swift in Sources */ = {isa = PBXBuildFile; fileRef = 554CD8E02C16E20700BD4165 /* MainViewController.swift */; };
		554CD8E62C16E20700BD4165 /* Assets.xcassets in Resources */ = {isa = PBXBuildFile; fileRef = 554CD8E52C16E20700BD4165 /* Assets.xcassets */; };
		554CD8E92C16E20700BD4165 /* Base in Resources */ = {isa = PBXBuildFile; fileRef = 554CD8E82C16E20700BD4165 /* Base */; };
		554CD8F82C16E95300BD4165 /* RocketViewController.swift in Sources */ = {isa = PBXBuildFile; fileRef = 554CD8F72C16E95300BD4165 /* RocketViewController.swift */; };
		554CD8FA2C16EB3700BD4165 /* LaunchesCustomButton.swift in Sources */ = {isa = PBXBuildFile; fileRef = 554CD8F92C16EB3700BD4165 /* LaunchesCustomButton.swift */; };
		554CD8FF2C16FBD300BD4165 /* RocketModel.swift in Sources */ = {isa = PBXBuildFile; fileRef = 554CD8FE2C16FBD300BD4165 /* RocketModel.swift */; };
		554CD9032C16FC1500BD4165 /* Constants.swift in Sources */ = {isa = PBXBuildFile; fileRef = 554CD9022C16FC1500BD4165 /* Constants.swift */; };
		554CD9052C16FC5000BD4165 /* NetworkServie.swift in Sources */ = {isa = PBXBuildFile; fileRef = 554CD9042C16FC5000BD4165 /* NetworkServie.swift */; };
		554CD9082C16FCAF00BD4165 /* NetworkError.swift in Sources */ = {isa = PBXBuildFile; fileRef = 554CD9072C16FCAF00BD4165 /* NetworkError.swift */; };
		554CD90A2C17019A00BD4165 /* RocketSection.swift in Sources */ = {isa = PBXBuildFile; fileRef = 554CD9092C17019A00BD4165 /* RocketSection.swift */; };
		554CD90C2C17294E00BD4165 /* LaunchesViewController.swift in Sources */ = {isa = PBXBuildFile; fileRef = 554CD90B2C17294E00BD4165 /* LaunchesViewController.swift */; };
		554CD9122C173E2D00BD4165 /* UIFont + Ext.swift in Sources */ = {isa = PBXBuildFile; fileRef = 554CD9112C173E2D00BD4165 /* UIFont + Ext.swift */; };
		554CD9142C1740B900BD4165 /* SettingsViewController.swift in Sources */ = {isa = PBXBuildFile; fileRef = 554CD9132C1740B900BD4165 /* SettingsViewController.swift */; };
		554CD9162C1743B400BD4165 /* UIScreen + Ext.swift in Sources */ = {isa = PBXBuildFile; fileRef = 554CD9152C1743B400BD4165 /* UIScreen + Ext.swift */; };
		554CD9182C1744CC00BD4165 /* PhysicalCollectionView.swift in Sources */ = {isa = PBXBuildFile; fileRef = 554CD9172C1744CC00BD4165 /* PhysicalCollectionView.swift */; };
		554CD91A2C17494900BD4165 /* RocketInfoView.swift in Sources */ = {isa = PBXBuildFile; fileRef = 554CD9192C17494900BD4165 /* RocketInfoView.swift */; };
		554CD9202C174F3600BD4165 /* Localizable.strings in Resources */ = {isa = PBXBuildFile; fileRef = 554CD91E2C174F3600BD4165 /* Localizable.strings */; };
		554CD9232C1750BB00BD4165 /* Texts.swift in Sources */ = {isa = PBXBuildFile; fileRef = 554CD9222C1750BB00BD4165 /* Texts.swift */; };
/* End PBXBuildFile section */

/* Begin PBXFileReference section */
		554CD8D92C16E20700BD4165 /* RocketApp.app */ = {isa = PBXFileReference; explicitFileType = wrapper.application; includeInIndex = 0; path = RocketApp.app; sourceTree = BUILT_PRODUCTS_DIR; };
		554CD8DC2C16E20700BD4165 /* AppDelegate.swift */ = {isa = PBXFileReference; lastKnownFileType = sourcecode.swift; path = AppDelegate.swift; sourceTree = "<group>"; };
		554CD8DE2C16E20700BD4165 /* SceneDelegate.swift */ = {isa = PBXFileReference; lastKnownFileType = sourcecode.swift; path = SceneDelegate.swift; sourceTree = "<group>"; };
		554CD8E02C16E20700BD4165 /* MainViewController.swift */ = {isa = PBXFileReference; lastKnownFileType = sourcecode.swift; path = MainViewController.swift; sourceTree = "<group>"; };
		554CD8E52C16E20700BD4165 /* Assets.xcassets */ = {isa = PBXFileReference; lastKnownFileType = folder.assetcatalog; path = Assets.xcassets; sourceTree = "<group>"; };
		554CD8E82C16E20700BD4165 /* Base */ = {isa = PBXFileReference; lastKnownFileType = file.storyboard; name = Base; path = Base.lproj/LaunchScreen.storyboard; sourceTree = "<group>"; };
		554CD8EA2C16E20700BD4165 /* Info.plist */ = {isa = PBXFileReference; lastKnownFileType = text.plist.xml; path = Info.plist; sourceTree = "<group>"; };
		554CD8F72C16E95300BD4165 /* RocketViewController.swift */ = {isa = PBXFileReference; lastKnownFileType = sourcecode.swift; path = RocketViewController.swift; sourceTree = "<group>"; };
		554CD8F92C16EB3700BD4165 /* LaunchesCustomButton.swift */ = {isa = PBXFileReference; lastKnownFileType = sourcecode.swift; path = LaunchesCustomButton.swift; sourceTree = "<group>"; };
		554CD8FE2C16FBD300BD4165 /* RocketModel.swift */ = {isa = PBXFileReference; lastKnownFileType = sourcecode.swift; path = RocketModel.swift; sourceTree = "<group>"; };
		554CD9022C16FC1500BD4165 /* Constants.swift */ = {isa = PBXFileReference; lastKnownFileType = sourcecode.swift; path = Constants.swift; sourceTree = "<group>"; };
		554CD9042C16FC5000BD4165 /* NetworkServie.swift */ = {isa = PBXFileReference; lastKnownFileType = sourcecode.swift; path = NetworkServie.swift; sourceTree = "<group>"; };
		554CD9072C16FCAF00BD4165 /* NetworkError.swift */ = {isa = PBXFileReference; lastKnownFileType = sourcecode.swift; path = NetworkError.swift; sourceTree = "<group>"; };
		554CD9092C17019A00BD4165 /* RocketSection.swift */ = {isa = PBXFileReference; lastKnownFileType = sourcecode.swift; path = RocketSection.swift; sourceTree = "<group>"; };
		554CD90B2C17294E00BD4165 /* LaunchesViewController.swift */ = {isa = PBXFileReference; lastKnownFileType = sourcecode.swift; path = LaunchesViewController.swift; sourceTree = "<group>"; };
		554CD9112C173E2D00BD4165 /* UIFont + Ext.swift */ = {isa = PBXFileReference; lastKnownFileType = sourcecode.swift; path = "UIFont + Ext.swift"; sourceTree = "<group>"; };
		554CD9132C1740B900BD4165 /* SettingsViewController.swift */ = {isa = PBXFileReference; lastKnownFileType = sourcecode.swift; path = SettingsViewController.swift; sourceTree = "<group>"; };
		554CD9152C1743B400BD4165 /* UIScreen + Ext.swift */ = {isa = PBXFileReference; lastKnownFileType = sourcecode.swift; path = "UIScreen + Ext.swift"; sourceTree = "<group>"; };
		554CD9172C1744CC00BD4165 /* PhysicalCollectionView.swift */ = {isa = PBXFileReference; lastKnownFileType = sourcecode.swift; path = PhysicalCollectionView.swift; sourceTree = "<group>"; };
		554CD9192C17494900BD4165 /* RocketInfoView.swift */ = {isa = PBXFileReference; lastKnownFileType = sourcecode.swift; path = RocketInfoView.swift; sourceTree = "<group>"; };
		554CD91F2C174F3600BD4165 /* en */ = {isa = PBXFileReference; lastKnownFileType = text.plist.strings; name = en; path = en.lproj/Localizable.strings; sourceTree = "<group>"; };
		554CD9212C174F4700BD4165 /* ru */ = {isa = PBXFileReference; lastKnownFileType = text.plist.strings; name = ru; path = ru.lproj/Localizable.strings; sourceTree = "<group>"; };
		554CD9222C1750BB00BD4165 /* Texts.swift */ = {isa = PBXFileReference; lastKnownFileType = sourcecode.swift; path = Texts.swift; sourceTree = "<group>"; };
/* End PBXFileReference section */

/* Begin PBXFrameworksBuildPhase section */
		554CD8D62C16E20700BD4165 /* Frameworks */ = {
			isa = PBXFrameworksBuildPhase;
			buildActionMask = 2147483647;
			files = (
			);
			runOnlyForDeploymentPostprocessing = 0;
		};
/* End PBXFrameworksBuildPhase section */

/* Begin PBXGroup section */
		554CD8D02C16E20700BD4165 = {
			isa = PBXGroup;
			children = (
				554CD8DB2C16E20700BD4165 /* RocketApp */,
				554CD8DA2C16E20700BD4165 /* Products */,
			);
			sourceTree = "<group>";
		};
		554CD8DA2C16E20700BD4165 /* Products */ = {
			isa = PBXGroup;
			children = (
				554CD8D92C16E20700BD4165 /* RocketApp.app */,
			);
			name = Products;
			sourceTree = "<group>";
		};
		554CD8DB2C16E20700BD4165 /* RocketApp */ = {
			isa = PBXGroup;
			children = (
				554CD8F02C16E22700BD4165 /* App */,
				554CD8FD2C16FBC900BD4165 /* Model */,
				554CD8F22C16E29600BD4165 /* Scene */,
				554CD9002C16FC0300BD4165 /* Service */,
				554CD9012C16FC0D00BD4165 /* Data */,
				554CD8F12C16E28600BD4165 /* Resources */,
			);
			path = RocketApp;
			sourceTree = "<group>";
		};
		554CD8F02C16E22700BD4165 /* App */ = {
			isa = PBXGroup;
			children = (
				554CD8DC2C16E20700BD4165 /* AppDelegate.swift */,
				554CD8DE2C16E20700BD4165 /* SceneDelegate.swift */,
			);
			path = App;
			sourceTree = "<group>";
		};
		554CD8F12C16E28600BD4165 /* Resources */ = {
			isa = PBXGroup;
			children = (
				554CD8E52C16E20700BD4165 /* Assets.xcassets */,
				554CD8E72C16E20700BD4165 /* LaunchScreen.storyboard */,
				554CD8EA2C16E20700BD4165 /* Info.plist */,
			);
			path = Resources;
			sourceTree = "<group>";
		};
		554CD8F22C16E29600BD4165 /* Scene */ = {
			isa = PBXGroup;
			children = (
				554CD8F52C16E2FE00BD4165 /* Main */,
				554CD8F62C16E94100BD4165 /* Rocket */,
				554CD8F42C16E2EF00BD4165 /* Launch */,
				554CD8F32C16E2DE00BD4165 /* Settings */,
			);
			path = Scene;
			sourceTree = "<group>";
		};
		554CD8F32C16E2DE00BD4165 /* Settings */ = {
			isa = PBXGroup;
			children = (
				554CD9132C1740B900BD4165 /* SettingsViewController.swift */,
			);
			path = Settings;
			sourceTree = "<group>";
		};
		554CD8F42C16E2EF00BD4165 /* Launch */ = {
			isa = PBXGroup;
			children = (
				554CD90B2C17294E00BD4165 /* LaunchesViewController.swift */,
			);
			path = Launch;
			sourceTree = "<group>";
		};
		554CD8F52C16E2FE00BD4165 /* Main */ = {
			isa = PBXGroup;
			children = (
				554CD8E02C16E20700BD4165 /* MainViewController.swift */,
			);
			path = Main;
			sourceTree = "<group>";
		};
		554CD8F62C16E94100BD4165 /* Rocket */ = {
			isa = PBXGroup;
			children = (
				554CD8FC2C16F92700BD4165 /* View */,
				554CD8F72C16E95300BD4165 /* RocketViewController.swift */,
			);
			path = Rocket;
			sourceTree = "<group>";
		};
		554CD8FC2C16F92700BD4165 /* View */ = {
			isa = PBXGroup;
			children = (
				554CD8F92C16EB3700BD4165 /* LaunchesCustomButton.swift */,
				554CD9172C1744CC00BD4165 /* PhysicalCollectionView.swift */,
				554CD9192C17494900BD4165 /* RocketInfoView.swift */,
			);
			path = View;
			sourceTree = "<group>";
		};
		554CD8FD2C16FBC900BD4165 /* Model */ = {
			isa = PBXGroup;
			children = (
				554CD8FE2C16FBD300BD4165 /* RocketModel.swift */,
				554CD9092C17019A00BD4165 /* RocketSection.swift */,
			);
			path = Model;
			sourceTree = "<group>";
		};
		554CD9002C16FC0300BD4165 /* Service */ = {
			isa = PBXGroup;
			children = (
				554CD9042C16FC5000BD4165 /* NetworkServie.swift */,
			);
			path = Service;
			sourceTree = "<group>";
		};
		554CD9012C16FC0D00BD4165 /* Data */ = {
			isa = PBXGroup;
			children = (
				554CD91D2C174F2600BD4165 /* Localization */,
				554CD9102C173E2400BD4165 /* Extensions */,
				554CD9062C16FCA600BD4165 /* Errors */,
				554CD9022C16FC1500BD4165 /* Constants.swift */,
				554CD9222C1750BB00BD4165 /* Texts.swift */,
			);
			path = Data;
			sourceTree = "<group>";
		};
		554CD9062C16FCA600BD4165 /* Errors */ = {
			isa = PBXGroup;
			children = (
				554CD9072C16FCAF00BD4165 /* NetworkError.swift */,
			);
			path = Errors;
			sourceTree = "<group>";
		};
		554CD9102C173E2400BD4165 /* Extensions */ = {
			isa = PBXGroup;
			children = (
				554CD9112C173E2D00BD4165 /* UIFont + Ext.swift */,
				554CD9152C1743B400BD4165 /* UIScreen + Ext.swift */,
			);
			path = Extensions;
			sourceTree = "<group>";
		};
		554CD91D2C174F2600BD4165 /* Localization */ = {
			isa = PBXGroup;
			children = (
				554CD91E2C174F3600BD4165 /* Localizable.strings */,
			);
			path = Localization;
			sourceTree = "<group>";
		};
/* End PBXGroup section */

/* Begin PBXNativeTarget section */
		554CD8D82C16E20700BD4165 /* RocketApp */ = {
			isa = PBXNativeTarget;
			buildConfigurationList = 554CD8ED2C16E20700BD4165 /* Build configuration list for PBXNativeTarget "RocketApp" */;
			buildPhases = (
				554CD8D52C16E20700BD4165 /* Sources */,
				554CD8D62C16E20700BD4165 /* Frameworks */,
				554CD8D72C16E20700BD4165 /* Resources */,
			);
			buildRules = (
			);
			dependencies = (
			);
			name = RocketApp;
			productName = RocketApp;
			productReference = 554CD8D92C16E20700BD4165 /* RocketApp.app */;
			productType = "com.apple.product-type.application";
		};
/* End PBXNativeTarget section */

/* Begin PBXProject section */
		554CD8D12C16E20700BD4165 /* Project object */ = {
			isa = PBXProject;
			attributes = {
				BuildIndependentTargetsInParallel = 1;
				LastSwiftUpdateCheck = 1540;
				LastUpgradeCheck = 1540;
				TargetAttributes = {
					554CD8D82C16E20700BD4165 = {
						CreatedOnToolsVersion = 15.4;
					};
				};
			};
			buildConfigurationList = 554CD8D42C16E20700BD4165 /* Build configuration list for PBXProject "RocketApp" */;
			compatibilityVersion = "Xcode 14.0";
			developmentRegion = en;
			hasScannedForEncodings = 0;
			knownRegions = (
				en,
				Base,
				ru,
			);
			mainGroup = 554CD8D02C16E20700BD4165;
			productRefGroup = 554CD8DA2C16E20700BD4165 /* Products */;
			projectDirPath = "";
			projectRoot = "";
			targets = (
				554CD8D82C16E20700BD4165 /* RocketApp */,
			);
		};
/* End PBXProject section */

/* Begin PBXResourcesBuildPhase section */
		554CD8D72C16E20700BD4165 /* Resources */ = {
			isa = PBXResourcesBuildPhase;
			buildActionMask = 2147483647;
			files = (
				554CD8E62C16E20700BD4165 /* Assets.xcassets in Resources */,
				554CD9202C174F3600BD4165 /* Localizable.strings in Resources */,
				554CD8E92C16E20700BD4165 /* Base in Resources */,
			);
			runOnlyForDeploymentPostprocessing = 0;
		};
/* End PBXResourcesBuildPhase section */

/* Begin PBXSourcesBuildPhase section */
		554CD8D52C16E20700BD4165 /* Sources */ = {
			isa = PBXSourcesBuildPhase;
			buildActionMask = 2147483647;
			files = (
				554CD8F82C16E95300BD4165 /* RocketViewController.swift in Sources */,
				554CD8E12C16E20700BD4165 /* MainViewController.swift in Sources */,
				554CD8DD2C16E20700BD4165 /* AppDelegate.swift in Sources */,
				554CD8FF2C16FBD300BD4165 /* RocketModel.swift in Sources */,
				554CD90C2C17294E00BD4165 /* LaunchesViewController.swift in Sources */,
				554CD9032C16FC1500BD4165 /* Constants.swift in Sources */,
				554CD90A2C17019A00BD4165 /* RocketSection.swift in Sources */,
				554CD8DF2C16E20700BD4165 /* SceneDelegate.swift in Sources */,
				554CD9082C16FCAF00BD4165 /* NetworkError.swift in Sources */,
				554CD9052C16FC5000BD4165 /* NetworkServie.swift in Sources */,
				554CD9142C1740B900BD4165 /* SettingsViewController.swift in Sources */,
				554CD9232C1750BB00BD4165 /* Texts.swift in Sources */,
				554CD9182C1744CC00BD4165 /* PhysicalCollectionView.swift in Sources */,
				554CD9162C1743B400BD4165 /* UIScreen + Ext.swift in Sources */,
				554CD9122C173E2D00BD4165 /* UIFont + Ext.swift in Sources */,
				554CD91A2C17494900BD4165 /* RocketInfoView.swift in Sources */,
				554CD8FA2C16EB3700BD4165 /* LaunchesCustomButton.swift in Sources */,
			);
			runOnlyForDeploymentPostprocessing = 0;
		};
/* End PBXSourcesBuildPhase section */

/* Begin PBXVariantGroup section */
		554CD8E72C16E20700BD4165 /* LaunchScreen.storyboard */ = {
			isa = PBXVariantGroup;
			children = (
				554CD8E82C16E20700BD4165 /* Base */,
			);
			name = LaunchScreen.storyboard;
			sourceTree = "<group>";
		};
		554CD91E2C174F3600BD4165 /* Localizable.strings */ = {
			isa = PBXVariantGroup;
			children = (
				554CD91F2C174F3600BD4165 /* en */,
				554CD9212C174F4700BD4165 /* ru */,
			);
			name = Localizable.strings;
			sourceTree = "<group>";
		};
/* End PBXVariantGroup section */

/* Begin XCBuildConfiguration section */
		554CD8EB2C16E20700BD4165 /* Debug */ = {
			isa = XCBuildConfiguration;
			buildSettings = {
				ALWAYS_SEARCH_USER_PATHS = NO;
				ASSETCATALOG_COMPILER_GENERATE_SWIFT_ASSET_SYMBOL_EXTENSIONS = YES;
				CLANG_ANALYZER_LOCALIZABILITY_NONLOCALIZED = YES;
				CLANG_ANALYZER_NONNULL = YES;
				CLANG_ANALYZER_NUMBER_OBJECT_CONVERSION = YES_AGGRESSIVE;
				CLANG_CXX_LANGUAGE_STANDARD = "gnu++20";
				CLANG_ENABLE_MODULES = YES;
				CLANG_ENABLE_OBJC_ARC = YES;
				CLANG_ENABLE_OBJC_WEAK = YES;
				CLANG_WARN_BLOCK_CAPTURE_AUTORELEASING = YES;
				CLANG_WARN_BOOL_CONVERSION = YES;
				CLANG_WARN_COMMA = YES;
				CLANG_WARN_CONSTANT_CONVERSION = YES;
				CLANG_WARN_DEPRECATED_OBJC_IMPLEMENTATIONS = YES;
				CLANG_WARN_DIRECT_OBJC_ISA_USAGE = YES_ERROR;
				CLANG_WARN_DOCUMENTATION_COMMENTS = YES;
				CLANG_WARN_EMPTY_BODY = YES;
				CLANG_WARN_ENUM_CONVERSION = YES;
				CLANG_WARN_INFINITE_RECURSION = YES;
				CLANG_WARN_INT_CONVERSION = YES;
				CLANG_WARN_NON_LITERAL_NULL_CONVERSION = YES;
				CLANG_WARN_OBJC_IMPLICIT_RETAIN_SELF = YES;
				CLANG_WARN_OBJC_LITERAL_CONVERSION = YES;
				CLANG_WARN_OBJC_ROOT_CLASS = YES_ERROR;
				CLANG_WARN_QUOTED_INCLUDE_IN_FRAMEWORK_HEADER = YES;
				CLANG_WARN_RANGE_LOOP_ANALYSIS = YES;
				CLANG_WARN_STRICT_PROTOTYPES = YES;
				CLANG_WARN_SUSPICIOUS_MOVE = YES;
				CLANG_WARN_UNGUARDED_AVAILABILITY = YES_AGGRESSIVE;
				CLANG_WARN_UNREACHABLE_CODE = YES;
				CLANG_WARN__DUPLICATE_METHOD_MATCH = YES;
				COPY_PHASE_STRIP = NO;
				DEBUG_INFORMATION_FORMAT = dwarf;
				ENABLE_STRICT_OBJC_MSGSEND = YES;
				ENABLE_TESTABILITY = YES;
				ENABLE_USER_SCRIPT_SANDBOXING = YES;
				GCC_C_LANGUAGE_STANDARD = gnu17;
				GCC_DYNAMIC_NO_PIC = NO;
				GCC_NO_COMMON_BLOCKS = YES;
				GCC_OPTIMIZATION_LEVEL = 0;
				GCC_PREPROCESSOR_DEFINITIONS = (
					"DEBUG=1",
					"$(inherited)",
				);
				GCC_WARN_64_TO_32_BIT_CONVERSION = YES;
				GCC_WARN_ABOUT_RETURN_TYPE = YES_ERROR;
				GCC_WARN_UNDECLARED_SELECTOR = YES;
				GCC_WARN_UNINITIALIZED_AUTOS = YES_AGGRESSIVE;
				GCC_WARN_UNUSED_FUNCTION = YES;
				GCC_WARN_UNUSED_VARIABLE = YES;
				INFOPLIST_FILE = RocketApp/Resources/Info.plist;
				IPHONEOS_DEPLOYMENT_TARGET = 17.5;
				LOCALIZATION_PREFERS_STRING_CATALOGS = YES;
				MTL_ENABLE_DEBUG_INFO = INCLUDE_SOURCE;
				MTL_FAST_MATH = YES;
				ONLY_ACTIVE_ARCH = YES;
				SDKROOT = iphoneos;
				SWIFT_ACTIVE_COMPILATION_CONDITIONS = "DEBUG $(inherited)";
				SWIFT_OPTIMIZATION_LEVEL = "-Onone";
			};
			name = Debug;
		};
		554CD8EC2C16E20700BD4165 /* Release */ = {
			isa = XCBuildConfiguration;
			buildSettings = {
				ALWAYS_SEARCH_USER_PATHS = NO;
				ASSETCATALOG_COMPILER_GENERATE_SWIFT_ASSET_SYMBOL_EXTENSIONS = YES;
				CLANG_ANALYZER_LOCALIZABILITY_NONLOCALIZED = YES;
				CLANG_ANALYZER_NONNULL = YES;
				CLANG_ANALYZER_NUMBER_OBJECT_CONVERSION = YES_AGGRESSIVE;
				CLANG_CXX_LANGUAGE_STANDARD = "gnu++20";
				CLANG_ENABLE_MODULES = YES;
				CLANG_ENABLE_OBJC_ARC = YES;
				CLANG_ENABLE_OBJC_WEAK = YES;
				CLANG_WARN_BLOCK_CAPTURE_AUTORELEASING = YES;
				CLANG_WARN_BOOL_CONVERSION = YES;
				CLANG_WARN_COMMA = YES;
				CLANG_WARN_CONSTANT_CONVERSION = YES;
				CLANG_WARN_DEPRECATED_OBJC_IMPLEMENTATIONS = YES;
				CLANG_WARN_DIRECT_OBJC_ISA_USAGE = YES_ERROR;
				CLANG_WARN_DOCUMENTATION_COMMENTS = YES;
				CLANG_WARN_EMPTY_BODY = YES;
				CLANG_WARN_ENUM_CONVERSION = YES;
				CLANG_WARN_INFINITE_RECURSION = YES;
				CLANG_WARN_INT_CONVERSION = YES;
				CLANG_WARN_NON_LITERAL_NULL_CONVERSION = YES;
				CLANG_WARN_OBJC_IMPLICIT_RETAIN_SELF = YES;
				CLANG_WARN_OBJC_LITERAL_CONVERSION = YES;
				CLANG_WARN_OBJC_ROOT_CLASS = YES_ERROR;
				CLANG_WARN_QUOTED_INCLUDE_IN_FRAMEWORK_HEADER = YES;
				CLANG_WARN_RANGE_LOOP_ANALYSIS = YES;
				CLANG_WARN_STRICT_PROTOTYPES = YES;
				CLANG_WARN_SUSPICIOUS_MOVE = YES;
				CLANG_WARN_UNGUARDED_AVAILABILITY = YES_AGGRESSIVE;
				CLANG_WARN_UNREACHABLE_CODE = YES;
				CLANG_WARN__DUPLICATE_METHOD_MATCH = YES;
				COPY_PHASE_STRIP = NO;
				DEBUG_INFORMATION_FORMAT = "dwarf-with-dsym";
				ENABLE_NS_ASSERTIONS = NO;
				ENABLE_STRICT_OBJC_MSGSEND = YES;
				ENABLE_USER_SCRIPT_SANDBOXING = YES;
				GCC_C_LANGUAGE_STANDARD = gnu17;
				GCC_NO_COMMON_BLOCKS = YES;
				GCC_WARN_64_TO_32_BIT_CONVERSION = YES;
				GCC_WARN_ABOUT_RETURN_TYPE = YES_ERROR;
				GCC_WARN_UNDECLARED_SELECTOR = YES;
				GCC_WARN_UNINITIALIZED_AUTOS = YES_AGGRESSIVE;
				GCC_WARN_UNUSED_FUNCTION = YES;
				GCC_WARN_UNUSED_VARIABLE = YES;
				INFOPLIST_FILE = RocketApp/Resources/Info.plist;
				IPHONEOS_DEPLOYMENT_TARGET = 17.5;
				LOCALIZATION_PREFERS_STRING_CATALOGS = YES;
				MTL_ENABLE_DEBUG_INFO = NO;
				MTL_FAST_MATH = YES;
				SDKROOT = iphoneos;
				SWIFT_COMPILATION_MODE = wholemodule;
				VALIDATE_PRODUCT = YES;
			};
			name = Release;
		};
		554CD8EE2C16E20700BD4165 /* Debug */ = {
			isa = XCBuildConfiguration;
			buildSettings = {
				ASSETCATALOG_COMPILER_APPICON_NAME = AppIcon;
				ASSETCATALOG_COMPILER_GLOBAL_ACCENT_COLOR_NAME = AccentColor;
				CODE_SIGN_STYLE = Automatic;
				CURRENT_PROJECT_VERSION = 1;
				DEVELOPMENT_TEAM = JRA8SJKSWZ;
				GENERATE_INFOPLIST_FILE = YES;
				INFOPLIST_FILE = RocketApp/Resources/Info.plist;
				INFOPLIST_KEY_UIApplicationSupportsIndirectInputEvents = YES;
				INFOPLIST_KEY_UILaunchStoryboardName = LaunchScreen;
				INFOPLIST_KEY_UIStatusBarStyle = UIStatusBarStyleDarkContent;
				INFOPLIST_KEY_UISupportedInterfaceOrientations = UIInterfaceOrientationPortrait;
				INFOPLIST_KEY_UISupportedInterfaceOrientations_iPad = "UIInterfaceOrientationLandscapeLeft UIInterfaceOrientationLandscapeRight UIInterfaceOrientationPortrait UIInterfaceOrientationPortraitUpsideDown";
				IPHONEOS_DEPLOYMENT_TARGET = 15.0;
				LD_RUNPATH_SEARCH_PATHS = (
					"$(inherited)",
					"@executable_path/Frameworks",
				);
				MARKETING_VERSION = 1.0;
				PRODUCT_BUNDLE_IDENTIFIER = "io.azaiv.rocket-app";
				PRODUCT_NAME = "$(TARGET_NAME)";
				SUPPORTED_PLATFORMS = "iphoneos iphonesimulator";
				SUPPORTS_MACCATALYST = NO;
				SUPPORTS_MAC_DESIGNED_FOR_IPHONE_IPAD = NO;
				SUPPORTS_XR_DESIGNED_FOR_IPHONE_IPAD = NO;
				SWIFT_EMIT_LOC_STRINGS = YES;
				SWIFT_VERSION = 5.0;
				TARGETED_DEVICE_FAMILY = 1;
			};
			name = Debug;
		};
		554CD8EF2C16E20700BD4165 /* Release */ = {
			isa = XCBuildConfiguration;
			buildSettings = {
				ASSETCATALOG_COMPILER_APPICON_NAME = AppIcon;
				ASSETCATALOG_COMPILER_GLOBAL_ACCENT_COLOR_NAME = AccentColor;
				CODE_SIGN_STYLE = Automatic;
				CURRENT_PROJECT_VERSION = 1;
				DEVELOPMENT_TEAM = JRA8SJKSWZ;
				GENERATE_INFOPLIST_FILE = YES;
				INFOPLIST_FILE = RocketApp/Resources/Info.plist;
				INFOPLIST_KEY_UIApplicationSupportsIndirectInputEvents = YES;
				INFOPLIST_KEY_UILaunchStoryboardName = LaunchScreen;
				INFOPLIST_KEY_UIStatusBarStyle = UIStatusBarStyleDarkContent;
				INFOPLIST_KEY_UISupportedInterfaceOrientations = UIInterfaceOrientationPortrait;
				INFOPLIST_KEY_UISupportedInterfaceOrientations_iPad = "UIInterfaceOrientationLandscapeLeft UIInterfaceOrientationLandscapeRight UIInterfaceOrientationPortrait UIInterfaceOrientationPortraitUpsideDown";
				IPHONEOS_DEPLOYMENT_TARGET = 15.0;
				LD_RUNPATH_SEARCH_PATHS = (
					"$(inherited)",
					"@executable_path/Frameworks",
				);
				MARKETING_VERSION = 1.0;
				PRODUCT_BUNDLE_IDENTIFIER = "io.azaiv.rocket-app";
				PRODUCT_NAME = "$(TARGET_NAME)";
				SUPPORTED_PLATFORMS = "iphoneos iphonesimulator";
				SUPPORTS_MACCATALYST = NO;
				SUPPORTS_MAC_DESIGNED_FOR_IPHONE_IPAD = NO;
				SUPPORTS_XR_DESIGNED_FOR_IPHONE_IPAD = NO;
				SWIFT_EMIT_LOC_STRINGS = YES;
				SWIFT_VERSION = 5.0;
				TARGETED_DEVICE_FAMILY = 1;
			};
			name = Release;
		};
/* End XCBuildConfiguration section */

/* Begin XCConfigurationList section */
		554CD8D42C16E20700BD4165 /* Build configuration list for PBXProject "RocketApp" */ = {
			isa = XCConfigurationList;
			buildConfigurations = (
				554CD8EB2C16E20700BD4165 /* Debug */,
				554CD8EC2C16E20700BD4165 /* Release */,
			);
			defaultConfigurationIsVisible = 0;
			defaultConfigurationName = Release;
		};
		554CD8ED2C16E20700BD4165 /* Build configuration list for PBXNativeTarget "RocketApp" */ = {
			isa = XCConfigurationList;
			buildConfigurations = (
				554CD8EE2C16E20700BD4165 /* Debug */,
				554CD8EF2C16E20700BD4165 /* Release */,
			);
			defaultConfigurationIsVisible = 0;
			defaultConfigurationName = Release;
		};
/* End XCConfigurationList section */
	};
	rootObject = 554CD8D12C16E20700BD4165 /* Project object */;
}
